
Microsoft Visual Studio Solution File, Format Version 12.00
# Visual Studio Version 16
VisualStudioVersion = 16.0.31424.327
MinimumVisualStudioVersion = 10.0.40219.1
Project("{FAE04EC0-301F-11D3-BF4B-00C04F79EFBC}") = "IV_Gallery", "IV_Gallery.csproj", "{24EF1341-A24F-42E1-B425-6B1E070A336C}"
	ProjectSection(ProjectDependencies) = postProject
		{FA4EC357-BFD0-404D-916F-9668400B6956} = {FA4EC357-BFD0-404D-916F-9668400B6956}
		{D34847BC-643C-4D64-B560-2072AA6E9EB7} = {D34847BC-643C-4D64-B560-2072AA6E9EB7}
	EndProjectSection
EndProject
Project("{FAE04EC0-301F-11D3-BF4B-00C04F79EFBC}") = "IV_Gallery_Checkers_Core", "IV_Gallery_Checkers_Core\IV_Gallery_Checkers_Core.csproj", "{D34847BC-643C-4D64-B560-2072AA6E9EB7}"
	ProjectSection(ProjectDependencies) = postProject
		{FA4EC357-BFD0-404D-916F-9668400B6956} = {FA4EC357-BFD0-404D-916F-9668400B6956}
	EndProjectSection
EndProject
Project("{FAE04EC0-301F-11D3-BF4B-00C04F79EFBC}") = "IV_Sound_Master", "IV_Sound_Master\IV_Sound_Master.csproj", "{FA4EC357-BFD0-404D-916F-9668400B6956}"
EndProject
Global
	GlobalSection(SolutionConfigurationPlatforms) = preSolution
		Debug|Any CPU = Debug|Any CPU
		Release|Any CPU = Release|Any CPU
	EndGlobalSection
	GlobalSection(ProjectConfigurationPlatforms) = postSolution
		{24EF1341-A24F-42E1-B425-6B1E070A336C}.Debug|Any CPU.ActiveCfg = Debug|Any CPU
		{24EF1341-A24F-42E1-B425-6B1E070A336C}.Debug|Any CPU.Build.0 = Debug|Any CPU
		{24EF1341-A24F-42E1-B425-6B1E070A336C}.Release|Any CPU.ActiveCfg = Release|Any CPU
		{24EF1341-A24F-42E1-B425-6B1E070A336C}.Release|Any CPU.Build.0 = Release|Any CPU
		{D34847BC-643C-4D64-B560-2072AA6E9EB7}.Debug|Any CPU.ActiveCfg = Debug|Any CPU
		{D34847BC-643C-4D64-B560-2072AA6E9EB7}.Debug|Any CPU.Build.0 = Debug|Any CPU
		{D34847BC-643C-4D64-B560-2072AA6E9EB7}.Release|Any CPU.ActiveCfg = Release|Any CPU
		{D34847BC-643C-4D64-B560-2072AA6E9EB7}.Release|Any CPU.Build.0 = Release|Any CPU
		{FA4EC357-BFD0-404D-916F-9668400B6956}.Debug|Any CPU.ActiveCfg = Debug|Any CPU
		{FA4EC357-BFD0-404D-916F-9668400B6956}.Debug|Any CPU.Build.0 = Debug|Any CPU
		{FA4EC357-BFD0-404D-916F-9668400B6956}.Release|Any CPU.ActiveCfg = Release|Any CPU
		{FA4EC357-BFD0-404D-916F-9668400B6956}.Release|Any CPU.Build.0 = Release|Any CPU
	EndGlobalSection
	GlobalSection(SolutionProperties) = preSolution
		HideSolutionNode = FALSE
	EndGlobalSection
	GlobalSection(ExtensibilityGlobals) = postSolution
		SolutionGuid = {BB74B6EE-EA22-4E6F-8386-C398572108BE}
	EndGlobalSection
EndGlobal
